
Microsoft Visual Studio Solution File, Format Version 10.00
# Visual C# Express 2008
Project("{FAE04EC0-301F-11D3-BF4B-00C04F79EFBC}") = "IDOSwitcher", "IDOSwitcher\IDOSwitcher.csproj", "{B28E183B-0E38-48A8-8A4E-B4AB7B23CE93}"
EndProject
Project("{FAE04EC0-301F-11D3-BF4B-00C04F79EFBC}") = "ConsoleSwitcher", "ConsoleSwitcher\ConsoleSwitcher.csproj", "{B536F3C7-E6F2-4687-928F-4DFE8BFD249F}"
EndProject
Global
	GlobalSection(SolutionConfigurationPlatforms) = preSolution
		Debug|Any CPU = Debug|Any CPU
		Release|Any CPU = Release|Any CPU
	EndGlobalSection
	GlobalSection(ProjectConfigurationPlatforms) = postSolution
		{B28E183B-0E38-48A8-8A4E-B4AB7B23CE93}.Debug|Any CPU.ActiveCfg = Debug|Any CPU
		{B28E183B-0E38-48A8-8A4E-B4AB7B23CE93}.Debug|Any CPU.Build.0 = Debug|Any CPU
		{B28E183B-0E38-48A8-8A4E-B4AB7B23CE93}.Release|Any CPU.ActiveCfg = Release|Any CPU
		{B28E183B-0E38-48A8-8A4E-B4AB7B23CE93}.Release|Any CPU.Build.0 = Release|Any CPU
		{B536F3C7-E6F2-4687-928F-4DFE8BFD249F}.Debug|Any CPU.ActiveCfg = Debug|Any CPU
		{B536F3C7-E6F2-4687-928F-4DFE8BFD249F}.Debug|Any CPU.Build.0 = Debug|Any CPU
		{B536F3C7-E6F2-4687-928F-4DFE8BFD249F}.Release|Any CPU.ActiveCfg = Release|Any CPU
		{B536F3C7-E6F2-4687-928F-4DFE8BFD249F}.Release|Any CPU.Build.0 = Release|Any CPU
	EndGlobalSection
	GlobalSection(SolutionProperties) = preSolution
		HideSolutionNode = FALSE
	EndGlobalSection
EndGlobal
